{
  "name": "sphinxjp.themes.impressjs",
  "version": "0.5.0",
  "lockfileVersion": 1,
  "requires": true,
  "dependencies": {
    "impress.js": {
      "version": "1.1.0",
      "resolved": "https://registry.npmjs.org/impress.js/-/impress.js-1.1.0.tgz",
      "integrity": "sha512-APQNnZx1M8RBe9vHdNAiAbIz4MaL0UDqIj0BDJOeFLqI/529/lGMmiz0m/c82xC08tBq8n9JzpMNoDykq0Zckg=="
    }
  }
}
